
Microsoft Visual Studio Solution File, Format Version 12.00
# Visual Studio Version 17
VisualStudioVersion = 17.7.34202.233
MinimumVisualStudioVersion = 10.0.40219.1
Project("{FAE04EC0-301F-11D3-BF4B-00C04F79EFBC}") = "SimplePaint", "SimplePaint.csproj", "{1B3EC548-E848-4409-9F63-2316BBDAA2FF}"
EndProject
Global
	GlobalSection(SolutionConfigurationPlatforms) = preSolution
		Debug|Any CPU = Debug|Any CPU
		Release|Any CPU = Release|Any CPU
	EndGlobalSection
	GlobalSection(ProjectConfigurationPlatforms) = postSolution
		{1B3EC548-E848-4409-9F63-2316BBDAA2FF}.Debug|Any CPU.ActiveCfg = Debug|Any CPU
		{1B3EC548-E848-4409-9F63-2316BBDAA2FF}.Debug|Any CPU.Build.0 = Debug|Any CPU
		{1B3EC548-E848-4409-9F63-2316BBDAA2FF}.Release|Any CPU.ActiveCfg = Release|Any CPU
		{1B3EC548-E848-4409-9F63-2316BBDAA2FF}.Release|Any CPU.Build.0 = Release|Any CPU
	EndGlobalSection
	GlobalSection(SolutionProperties) = preSolution
		HideSolutionNode = FALSE
	EndGlobalSection
	GlobalSection(ExtensibilityGlobals) = postSolution
		SolutionGuid = {9135E192-6783-4A6F-B295-8F08918A006B}
	EndGlobalSection
EndGlobal
